{
  "nodes": {
    "argtextobj.vim": {
      "flake": false,
      "locked": {
        "lastModified": 1287367261,
        "narHash": "sha256-iFga589ovZztvCZ7/zeTshmVyLRXGvGLxMHP2mCBktA=",
        "owner": "vim-scripts",
        "repo": "argtextobj.vim",
        "rev": "f3fbe427f7b4ec436416a5816d714dc917dc530b",
        "type": "github"
      },
      "original": {
        "owner": "vim-scripts",
        "repo": "argtextobj.vim",
        "type": "github"
      }
    },
    "commentary": {
      "flake": false,
      "locked": {
        "lastModified": 1712594061,
        "narHash": "sha256-7praqmXKB1VMaEiRE/mvUdYf7F18V204ICU/VKWtJuw=",
        "owner": "tpope",
        "repo": "vim-commentary",
        "rev": "c4b8f52cbb7142ec239494e5a2c4a512f92c4d07",
        "type": "github"
      },
      "original": {
        "owner": "tpope",
        "repo": "vim-commentary",
        "type": "github"
      }
    },
    "conflict3": {
      "flake": false,
      "locked": {
        "lastModified": 1516591551,
        "narHash": "sha256-B7POgP9Rt2UaQ1Kv+K2UMln6xuK8JMwAugWfhBpG9wg=",
        "owner": "mkotha",
        "repo": "conflict3",
        "rev": "180e387fa464f27346db6a9c577ae6c1a26cd39a",
        "type": "github"
      },
      "original": {
        "owner": "mkotha",
        "repo": "conflict3",
        "type": "github"
      }
    },
    "diffchar": {
      "flake": false,
      "locked": {
        "lastModified": 1707886051,
        "narHash": "sha256-LEA7xf6He8STefFZYI6f7feoiL06KuRk6bGVXPO3QrE=",
        "owner": "rickhowe",
        "repo": "diffchar.vim",
        "rev": "ccf4c238a71d834ad1e21834f08be274bc0f05a3",
        "type": "github"
      },
      "original": {
        "owner": "rickhowe",
        "repo": "diffchar.vim",
        "type": "github"
      }
    },
    "dirvish": {
      "flake": false,
      "locked": {
        "lastModified": 1712177851,
        "narHash": "sha256-k0bPgmd1sgFHqHWAcSMsxc7HO4E6YEJvTNDuHFp5rqw=",
        "owner": "justinmk",
        "repo": "vim-dirvish",
        "rev": "3851bedb7f191b9a4a5531000b6fc0a8795cc9bb",
        "type": "github"
      },
      "original": {
        "owner": "justinmk",
        "repo": "vim-dirvish",
        "type": "github"
      }
    },
    "dwm": {
      "flake": false,
      "locked": {
        "lastModified": 1391619473,
        "narHash": "sha256-9zwaz2/f8xQpTMjdUYjiEYy70826dQFOu+st1avhtkc=",
        "owner": "spolu",
        "repo": "dwm.vim",
        "rev": "6149e58fdd81f69e4e6a3f239842f3dc23e4872b",
        "type": "github"
      },
      "original": {
        "owner": "spolu",
        "repo": "dwm.vim",
        "type": "github"
      }
    },
    "easy-align": {
      "flake": false,
      "locked": {
        "lastModified": 1712978502,
        "narHash": "sha256-9CfWi83DCzWBARNG6AA0MQllEfQ/3UtYtYPDWLdmDwk=",
        "owner": "junegunn",
        "repo": "vim-easy-align",
        "rev": "9815a55dbcd817784458df7a18acacc6f82b1241",
        "type": "github"
      },
      "original": {
        "owner": "junegunn",
        "repo": "vim-easy-align",
        "type": "github"
      }
    },
    "fugitive": {
      "flake": false,
      "locked": {
        "lastModified": 1719369274,
        "narHash": "sha256-v0M1dzLMNyBsd+73dX5bk99AJNh4nRmCikhlb+Xpazw=",
        "owner": "tpope",
        "repo": "vim-fugitive",
        "rev": "d0c1a437536778bcc8174b7cb2ffdf98f611e6fe",
        "type": "github"
      },
      "original": {
        "owner": "tpope",
        "repo": "vim-fugitive",
        "type": "github"
      }
    },
    "futhark": {
      "flake": false,
      "locked": {
        "lastModified": 1629797188,
        "narHash": "sha256-HNgrUZm7dXxGDkfMj9WFA5i+pKTFGgNYjYy6PTu+PJ4=",
        "owner": "BeneCollyridam",
        "repo": "futhark-vim",
        "rev": "fd7d053c74f150712eaa73999f44a3f95c8f08ff",
        "type": "github"
      },
      "original": {
        "owner": "BeneCollyridam",
        "repo": "futhark-vim",
        "type": "github"
      }
    },
    "gv": {
      "flake": false,
      "locked": {
        "lastModified": 1702204242,
        "narHash": "sha256-Tb2IQR/l7TvokgpMWZBumyHULOvXQ2aGTL4P8fIEmRs=",
        "owner": "junegunn",
        "repo": "gv.vim",
        "rev": "b6bb6664e2c95aa584059f195eb3a9f3cb133994",
        "type": "github"
      },
      "original": {
        "owner": "junegunn",
        "repo": "gv.vim",
        "type": "github"
      }
    },
    "home-manager": {
      "inputs": {
        "nixpkgs": [
          "nixpkgs"
        ]
      },
      "locked": {
        "lastModified": 1726989464,
        "narHash": "sha256-Vl+WVTJwutXkimwGprnEtXc/s/s8sMuXzqXaspIGlwM=",
        "owner": "nix-community",
        "repo": "home-manager",
        "rev": "2f23fa308a7c067e52dfcc30a0758f47043ec176",
        "type": "github"
      },
      "original": {
        "owner": "nix-community",
        "ref": "release-24.05",
        "repo": "home-manager",
        "type": "github"
      }
    },
    "indent-object": {
      "flake": false,
      "locked": {
        "lastModified": 1705872457,
        "narHash": "sha256-fIqe85gstH9KEXrXPHdsSI3KgPYs5wDtufYKHFXKaxE=",
        "owner": "michaeljsmith",
        "repo": "vim-indent-object",
        "rev": "8ab36d5ec2a3a60468437a95e142ce994df598c6",
        "type": "github"
      },
      "original": {
        "owner": "michaeljsmith",
        "repo": "vim-indent-object",
        "type": "github"
      }
    },
    "json": {
      "flake": false,
      "locked": {
        "lastModified": 1515600331,
        "narHash": "sha256-4eLcpybVnmnXdhqbTc9JejNoMKnZyyKp+7cQ7TO+KbA=",
        "owner": "elzr",
        "repo": "vim-json",
        "rev": "3727f089410e23ae113be6222e8a08dd2613ecf2",
        "type": "github"
      },
      "original": {
        "owner": "elzr",
        "repo": "vim-json",
        "type": "github"
      }
    },
    "markdown": {
      "flake": false,
      "locked": {
        "lastModified": 1709279705,
        "narHash": "sha256-eKwWdyvMZ7FV3FvOtqWVD7pulXNnhbEEjHq7MYg1woU=",
        "owner": "preservim",
        "repo": "vim-markdown",
        "rev": "a657e697376909c41475a686eeef7fc7a4972d94",
        "type": "github"
      },
      "original": {
        "owner": "preservim",
        "repo": "vim-markdown",
        "type": "github"
      }
    },
    "markdown-folding": {
      "flake": false,
      "locked": {
        "lastModified": 1554840163,
        "narHash": "sha256-FeuQdlC87wltdbP1bH4lrDke3dQ56X73Bn7+1JSq794=",
        "owner": "masukomi",
        "repo": "vim-markdown-folding",
        "rev": "3f35acfb753cc9ea22182400b075c5b6e896ad71",
        "type": "github"
      },
      "original": {
        "owner": "masukomi",
        "repo": "vim-markdown-folding",
        "rev": "3f35acfb753cc9ea22182400b075c5b6e896ad71",
        "type": "github"
      }
    },
    "merlin": {
      "flake": false,
      "locked": {
        "lastModified": 1718896293,
        "narHash": "sha256-sxNuDrCnrnLjwK5Xp1fYTChdzU5ds5x8CkLuwK15hD4=",
        "owner": "ocaml",
        "repo": "merlin",
        "rev": "b6ff2d4d569c23dd8fa91639d26fb984e9411862",
        "type": "github"
      },
      "original": {
        "owner": "ocaml",
        "repo": "merlin",
        "type": "github"
      }
    },
    "nix": {
      "flake": false,
      "locked": {
        "lastModified": 1690995995,
        "narHash": "sha256-GU49XZqxjPOQRgzt5fPQpOUajQw6O2c0bFqZc95LnUw=",
        "owner": "Julow",
        "repo": "vim-nix",
        "rev": "620838a949f2dd52e735ab95a53feb0af4f932e1",
        "type": "github"
      },
      "original": {
        "owner": "Julow",
        "ref": "cmd_nix_shell",
        "repo": "vim-nix",
        "type": "github"
      }
    },
    "nix-gc-env": {
      "locked": {
        "lastModified": 1688934394,
        "narHash": "sha256-Y72My5Ym2w9jhprmw8kQrom7ObvzqZ3DfNO2r3ZqfOo=",
        "owner": "Julow",
        "repo": "nix-gc-env",
        "rev": "c1e41568772c21a8274ab8edf5d0faadd5df4c8c",
        "type": "github"
      },
      "original": {
        "owner": "Julow",
        "repo": "nix-gc-env",
        "type": "github"
      }
    },
    "nixos-hardware": {
      "locked": {
        "lastModified": 1728269138,
        "narHash": "sha256-oKxDImsOvgUZMY4NwXVyUc/c1HiU2qInX+b5BU0yXls=",
        "owner": "NixOS",
        "repo": "nixos-hardware",
        "rev": "ecfcd787f373f43307d764762e139a7cdeb9c22b",
        "type": "github"
      },
      "original": {
        "owner": "NixOS",
        "ref": "master",
        "repo": "nixos-hardware",
        "type": "github"
      }
    },
    "nixpkgs": {
      "locked": {
        "lastModified": 1728193676,
        "narHash": "sha256-PbDWAIjKJdlVg+qQRhzdSor04bAPApDqIv2DofTyynk=",
        "owner": "NixOS",
        "repo": "nixpkgs",
        "rev": "ecbc1ca8ffd6aea8372ad16be9ebbb39889e55b6",
        "type": "github"
      },
      "original": {
        "owner": "NixOS",
        "ref": "nixos-24.05",
        "repo": "nixpkgs",
        "type": "github"
      }
    },
    "nur_rycee": {
      "flake": false,
      "locked": {
        "lastModified": 1728360193,
        "narHash": "sha256-UpN2xQiIzHLD3WZcr51BKtJTDLbjzB5H8cdg4Zn/LX4=",
        "owner": "rycee",
        "repo": "nur-expressions",
        "rev": "4728d8775b311938b985c1b8ba07e077990d2a4b",
        "type": "gitlab"
      },
      "original": {
        "owner": "rycee",
        "ref": "master",
        "repo": "nur-expressions",
        "type": "gitlab"
      }
    },
    "ocaml": {
      "flake": false,
      "locked": {
        "lastModified": 1711033829,
        "narHash": "sha256-j5ikL/EsnxT6sqFFjSF7+c6AG4Zw3EXh/uU05l7d7lw=",
        "owner": "n-osborne",
        "repo": "vim-ocaml",
        "rev": "09cf05efd704f7988451bd8b76d0f75a5fcc1e07",
        "type": "github"
      },
      "original": {
        "owner": "n-osborne",
        "ref": "odoc-syntax",
        "repo": "vim-ocaml",
        "type": "github"
      }
    },
    "ocp-indent": {
      "flake": false,
      "locked": {
        "lastModified": 1701081922,
        "narHash": "sha256-7IHfYRzVw50ry1KLbiqZnR680ZryTpxZemXr5yMlra0=",
        "owner": "OCamlPro",
        "repo": "ocp-indent",
        "rev": "f38578c25d62701847b1bcb45099a9020e2032fe",
        "type": "github"
      },
      "original": {
        "owner": "OCamlPro",
        "repo": "ocp-indent",
        "type": "github"
      }
    },
    "repeat": {
      "flake": false,
      "locked": {
        "lastModified": 1611544268,
        "narHash": "sha256-8rfZa3uKXB3TRCqaDHZ6DfzNbm7WaYnLvmTNzYtnKHg=",
        "owner": "tpope",
        "repo": "vim-repeat",
        "rev": "24afe922e6a05891756ecf331f39a1f6743d3d5a",
        "type": "github"
      },
      "original": {
        "owner": "tpope",
        "repo": "vim-repeat",
        "type": "github"
      }
    },
    "root": {
      "inputs": {
        "home-manager": "home-manager",
        "nix-gc-env": "nix-gc-env",
        "nixos-hardware": "nixos-hardware",
        "nixpkgs": "nixpkgs",
        "nur_rycee": "nur_rycee",
        "vim_plugins": "vim_plugins"
      }
    },
    "sneak": {
      "flake": false,
      "locked": {
        "lastModified": 1708545039,
        "narHash": "sha256-ndWhnV0fgCcqCGwVyM07GfmUB3CitBZbOWvZtsB1tBk=",
        "owner": "justinmk",
        "repo": "vim-sneak",
        "rev": "c13d0497139b8796ff9c44ddb9bc0dc9770ad2dd",
        "type": "github"
      },
      "original": {
        "owner": "justinmk",
        "repo": "vim-sneak",
        "type": "github"
      }
    },
    "surround": {
      "flake": false,
      "locked": {
        "lastModified": 1666730476,
        "narHash": "sha256-DZE5tkmnT+lAvx/RQHaDEgEJXRKsy56KJY919xiH1lE=",
        "owner": "tpope",
        "repo": "vim-surround",
        "rev": "3d188ed2113431cf8dac77be61b842acb64433d9",
        "type": "github"
      },
      "original": {
        "owner": "tpope",
        "repo": "vim-surround",
        "type": "github"
      }
    },
    "ultisnips": {
      "flake": false,
      "locked": {
        "lastModified": 1710530753,
        "narHash": "sha256-N9oBef048Pr+nDPn7DEHRATEmSFT3ZPqQYPAfONpkKs=",
        "owner": "SirVer",
        "repo": "ultisnips",
        "rev": "49dc8cb2086db19d385791c8e1635723b0fd95c7",
        "type": "github"
      },
      "original": {
        "owner": "SirVer",
        "repo": "ultisnips",
        "type": "github"
      }
    },
    "vim_plugins": {
      "inputs": {
        "argtextobj.vim": "argtextobj.vim",
        "commentary": "commentary",
        "conflict3": "conflict3",
        "diffchar": "diffchar",
        "dirvish": "dirvish",
        "dwm": "dwm",
        "easy-align": "easy-align",
        "fugitive": "fugitive",
        "futhark": "futhark",
        "gv": "gv",
        "indent-object": "indent-object",
        "json": "json",
        "markdown": "markdown",
        "markdown-folding": "markdown-folding",
        "merlin": "merlin",
        "nix": "nix",
        "nixpkgs": [
          "nixpkgs"
        ],
        "ocaml": "ocaml",
        "ocp-indent": "ocp-indent",
        "repeat": "repeat",
        "sneak": "sneak",
        "surround": "surround",
        "ultisnips": "ultisnips",
        "xdg_open": "xdg_open"
      },
      "locked": {
        "lastModified": 1,
        "narHash": "sha256-SRgaQeY0uJbBG95jh8nhNrpEyBoIlKeCO++hnoByACg=",
        "path": "./vim",
        "type": "path"
      },
      "original": {
        "path": "./vim",
        "type": "path"
      }
    },
    "xdg_open": {
      "flake": false,
      "locked": {
        "lastModified": 1711025662,
        "narHash": "sha256-yuCuvatQTnNFdmXUIvAaP2+ocrr4V+odOTjKYogwsyg=",
        "owner": "arp242",
        "repo": "xdg_open.vim",
        "rev": "711ab0f43c97d25374a1530dcc575d6aff98d898",
        "type": "github"
      },
      "original": {
        "owner": "arp242",
        "repo": "xdg_open.vim",
        "type": "github"
      }
    }
  },
  "root": "root",
  "version": 7
}
