{
  "nodes": {
    "home-manager": {
      "inputs": {
        "nixpkgs": [
          "nixpkgs"
        ]
      },
      "locked": {
        "lastModified": 1651519540,
        "narHash": "sha256-3k6p8VsTwwRPQjE8rrMh+o2AZACZn/eeYJ7ivdQ/Iro=",
        "owner": "nix-community",
        "repo": "home-manager",
        "rev": "d93d56ab8c1c6aa575854a79b9d2f69d491db7d0",
        "type": "github"
      },
      "original": {
        "owner": "nix-community",
        "ref": "release-21.11",
        "repo": "home-manager",
        "type": "github"
      }
    },
    "nixos-hardware": {
      "locked": {
        "lastModified": 1650522846,
        "narHash": "sha256-SxWHXRI3qJwswyXAtzsi6PKVY3KLNNnb072KaJthII8=",
        "owner": "NixOS",
        "repo": "nixos-hardware",
        "rev": "6b4ebea9093c997c5f275c820e679108de4871ab",
        "type": "github"
      },
      "original": {
        "owner": "NixOS",
        "ref": "master",
        "repo": "nixos-hardware",
        "type": "github"
      }
    },
    "nixpkgs": {
      "locked": {
        "lastModified": 1652442528,
        "narHash": "sha256-ctD9BdjN7e6cBipm8k9xt+vgwlRApkvuJLSNdaVrphE=",
        "owner": "NixOS",
        "repo": "nixpkgs",
        "rev": "79385ae0aacf7e02871cc8af0623123419dd7884",
        "type": "github"
      },
      "original": {
        "owner": "NixOS",
        "ref": "nixos-21.11",
        "repo": "nixpkgs",
        "type": "github"
      }
    },
    "nur_rycee": {
      "flake": false,
      "locked": {
        "lastModified": 1652500939,
        "narHash": "sha256-XFC+Pc42BQBPyCf/gLSAKsvTF/WNb2NGQlfYON70V2M=",
        "owner": "rycee",
        "repo": "nur-expressions",
        "rev": "cc213498cfbeb93784e44afa274e0c8de668f62e",
        "type": "gitlab"
      },
      "original": {
        "owner": "rycee",
        "ref": "master",
        "repo": "nur-expressions",
        "type": "gitlab"
      }
    },
    "root": {
      "inputs": {
        "home-manager": "home-manager",
        "nixos-hardware": "nixos-hardware",
        "nixpkgs": "nixpkgs",
        "nur_rycee": "nur_rycee"
      }
    }
  },
  "root": "root",
  "version": 7
}
