{
  "nodes": {
    "argtextobj.vim": {
      "flake": false,
      "locked": {
        "lastModified": 1287367261,
        "narHash": "sha256-iFga589ovZztvCZ7/zeTshmVyLRXGvGLxMHP2mCBktA=",
        "owner": "vim-scripts",
        "repo": "argtextobj.vim",
        "rev": "f3fbe427f7b4ec436416a5816d714dc917dc530b",
        "type": "github"
      },
      "original": {
        "owner": "vim-scripts",
        "repo": "argtextobj.vim",
        "type": "github"
      }
    },
    "commentary": {
      "flake": false,
      "locked": {
        "lastModified": 1729562730,
        "narHash": "sha256-0a45pvYAbMxwN2URFX1lxIFBwWCq46LPai2GnGuL0Uo=",
        "owner": "tpope",
        "repo": "vim-commentary",
        "rev": "64a654ef4a20db1727938338310209b6a63f60c9",
        "type": "github"
      },
      "original": {
        "owner": "tpope",
        "repo": "vim-commentary",
        "type": "github"
      }
    },
    "conflict3": {
      "flake": false,
      "locked": {
        "lastModified": 1516591551,
        "narHash": "sha256-B7POgP9Rt2UaQ1Kv+K2UMln6xuK8JMwAugWfhBpG9wg=",
        "owner": "mkotha",
        "repo": "conflict3",
        "rev": "180e387fa464f27346db6a9c577ae6c1a26cd39a",
        "type": "github"
      },
      "original": {
        "owner": "mkotha",
        "repo": "conflict3",
        "type": "github"
      }
    },
    "diffchar": {
      "flake": false,
      "locked": {
        "lastModified": 1759478262,
        "narHash": "sha256-zbhl/teXdWft3YhJ/2+QUEZw3N33dfg3gm0XMEzYU1o=",
        "owner": "rickhowe",
        "repo": "diffchar.vim",
        "rev": "14fc3fc79356d6b80462df8dbc8934f293145b9a",
        "type": "github"
      },
      "original": {
        "owner": "rickhowe",
        "repo": "diffchar.vim",
        "type": "github"
      }
    },
    "dirvish": {
      "flake": false,
      "locked": {
        "lastModified": 1783249497,
        "narHash": "sha256-w2sdZLTh8kk0M6NuZ1a4MYpr+tNi9LQwbTiJXeoXiUs=",
        "owner": "justinmk",
        "repo": "vim-dirvish",
        "rev": "4cbf39ce024c57f700c4d5502cc172ea91d69360",
        "type": "github"
      },
      "original": {
        "owner": "justinmk",
        "repo": "vim-dirvish",
        "type": "github"
      }
    },
    "dwm": {
      "flake": false,
      "locked": {
        "lastModified": 1391619473,
        "narHash": "sha256-9zwaz2/f8xQpTMjdUYjiEYy70826dQFOu+st1avhtkc=",
        "owner": "spolu",
        "repo": "dwm.vim",
        "rev": "6149e58fdd81f69e4e6a3f239842f3dc23e4872b",
        "type": "github"
      },
      "original": {
        "owner": "spolu",
        "repo": "dwm.vim",
        "type": "github"
      }
    },
    "easy-align": {
      "flake": false,
      "locked": {
        "lastModified": 1712978502,
        "narHash": "sha256-9CfWi83DCzWBARNG6AA0MQllEfQ/3UtYtYPDWLdmDwk=",
        "owner": "junegunn",
        "repo": "vim-easy-align",
        "rev": "9815a55dbcd817784458df7a18acacc6f82b1241",
        "type": "github"
      },
      "original": {
        "owner": "junegunn",
        "repo": "vim-easy-align",
        "type": "github"
      }
    },
    "fugitive": {
      "flake": false,
      "locked": {
        "lastModified": 1772910953,
        "narHash": "sha256-vXSOXq3Tj5g0jUwQEZ0RRlon1OEX+jv1dgofUl4QcQg=",
        "owner": "tpope",
        "repo": "vim-fugitive",
        "rev": "3b753cf8c6a4dcde6edee8827d464ba9b8c4a6f0",
        "type": "github"
      },
      "original": {
        "owner": "tpope",
        "repo": "vim-fugitive",
        "type": "github"
      }
    },
    "futhark": {
      "flake": false,
      "locked": {
        "lastModified": 1629797188,
        "narHash": "sha256-HNgrUZm7dXxGDkfMj9WFA5i+pKTFGgNYjYy6PTu+PJ4=",
        "owner": "BeneCollyridam",
        "repo": "futhark-vim",
        "rev": "fd7d053c74f150712eaa73999f44a3f95c8f08ff",
        "type": "github"
      },
      "original": {
        "owner": "BeneCollyridam",
        "repo": "futhark-vim",
        "type": "github"
      }
    },
    "gv": {
      "flake": false,
      "locked": {
        "lastModified": 1779159295,
        "narHash": "sha256-gfbL/pY3WhwsUsMoI7UAJydUH+TkEEpFbyXj9lp2SRc=",
        "owner": "junegunn",
        "repo": "gv.vim",
        "rev": "ed7e9c6a118d92462c7d709c34a92682b60fa9f7",
        "type": "github"
      },
      "original": {
        "owner": "junegunn",
        "repo": "gv.vim",
        "type": "github"
      }
    },
    "home-manager": {
      "inputs": {
        "nixpkgs": [
          "nixpkgs"
        ]
      },
      "locked": {
        "lastModified": 1787377438,
        "narHash": "sha256-Sxu1NLTD/Ern6hFGLlZmtKCSct3YQXZI/lls8RE1XeM=",
        "owner": "nix-community",
        "repo": "home-manager",
        "rev": "65258d5c65a250189fde2e35f490d15e064c4c62",
        "type": "github"
      },
      "original": {
        "owner": "nix-community",
        "ref": "release-26.05",
        "repo": "home-manager",
        "type": "github"
      }
    },
    "indent-object": {
      "flake": false,
      "locked": {
        "lastModified": 1705872457,
        "narHash": "sha256-fIqe85gstH9KEXrXPHdsSI3KgPYs5wDtufYKHFXKaxE=",
        "owner": "michaeljsmith",
        "repo": "vim-indent-object",
        "rev": "8ab36d5ec2a3a60468437a95e142ce994df598c6",
        "type": "github"
      },
      "original": {
        "owner": "michaeljsmith",
        "repo": "vim-indent-object",
        "type": "github"
      }
    },
    "json": {
      "flake": false,
      "locked": {
        "lastModified": 1515600331,
        "narHash": "sha256-4eLcpybVnmnXdhqbTc9JejNoMKnZyyKp+7cQ7TO+KbA=",
        "owner": "elzr",
        "repo": "vim-json",
        "rev": "3727f089410e23ae113be6222e8a08dd2613ecf2",
        "type": "github"
      },
      "original": {
        "owner": "elzr",
        "repo": "vim-json",
        "type": "github"
      }
    },
    "markdown": {
      "flake": false,
      "locked": {
        "lastModified": 1761193961,
        "narHash": "sha256-bkVQRCu+F7VjIdY0Ll0MYhPrAShri9AONixOXq2V7rw=",
        "owner": "preservim",
        "repo": "vim-markdown",
        "rev": "1bc9d0cd8e1cc3e901b0a49c2b50a843f1c89397",
        "type": "github"
      },
      "original": {
        "owner": "preservim",
        "repo": "vim-markdown",
        "type": "github"
      }
    },
    "markdown-folding": {
      "flake": false,
      "locked": {
        "lastModified": 1554840163,
        "narHash": "sha256-FeuQdlC87wltdbP1bH4lrDke3dQ56X73Bn7+1JSq794=",
        "owner": "masukomi",
        "repo": "vim-markdown-folding",
        "rev": "3f35acfb753cc9ea22182400b075c5b6e896ad71",
        "type": "github"
      },
      "original": {
        "owner": "masukomi",
        "repo": "vim-markdown-folding",
        "rev": "3f35acfb753cc9ea22182400b075c5b6e896ad71",
        "type": "github"
      }
    },
    "merlin": {
      "flake": false,
      "locked": {
        "lastModified": 1759242025,
        "narHash": "sha256-g1eF21uyORCIDy4otqrf98ylXdE04I68hiTudFQIsU4=",
        "owner": "Julow",
        "repo": "merlin",
        "rev": "6bc032650a52612d96ef15e47ae261c0fd8e8eac",
        "type": "github"
      },
      "original": {
        "owner": "Julow",
        "ref": "vim-fix-crash-textpreview",
        "repo": "merlin",
        "type": "github"
      }
    },
    "nix": {
      "flake": false,
      "locked": {
        "lastModified": 1690995995,
        "narHash": "sha256-GU49XZqxjPOQRgzt5fPQpOUajQw6O2c0bFqZc95LnUw=",
        "owner": "Julow",
        "repo": "vim-nix",
        "rev": "620838a949f2dd52e735ab95a53feb0af4f932e1",
        "type": "github"
      },
      "original": {
        "owner": "Julow",
        "ref": "cmd_nix_shell",
        "repo": "vim-nix",
        "type": "github"
      }
    },
    "nix-gc-env": {
      "locked": {
        "lastModified": 1688934394,
        "narHash": "sha256-Y72My5Ym2w9jhprmw8kQrom7ObvzqZ3DfNO2r3ZqfOo=",
        "owner": "Julow",
        "repo": "nix-gc-env",
        "rev": "c1e41568772c21a8274ab8edf5d0faadd5df4c8c",
        "type": "github"
      },
      "original": {
        "owner": "Julow",
        "repo": "nix-gc-env",
        "type": "github"
      }
    },
    "nix-opam-switch": {
      "flake": false,
      "locked": {
        "lastModified": 1776193096,
        "narHash": "sha256-BwpyFLiNQwYYL6/icXHM7uORIw2Eiw71IWgIAZw9Q6U=",
        "owner": "Julow",
        "repo": "nix-opam-switch",
        "rev": "dd2a3bf46e4bc3cf127e2b22b61c21483607ddc3",
        "type": "github"
      },
      "original": {
        "owner": "Julow",
        "repo": "nix-opam-switch",
        "type": "github"
      }
    },
    "nix-workspaces": {
      "flake": false,
      "locked": {
        "lastModified": 1782318166,
        "narHash": "sha256-rHbWz8/b+Ghj6YQMtvYWvvcgT6PrikQ4lp1BRzLynWY=",
        "owner": "Julow",
        "repo": "nix-workspaces",
        "rev": "0f6d4a6adc7639fb7a55f83abb223be31ab7013f",
        "type": "github"
      },
      "original": {
        "owner": "Julow",
        "repo": "nix-workspaces",
        "type": "github"
      }
    },
    "nixos-hardware": {
      "inputs": {
        "nixpkgs": [
          "nixpkgs"
        ]
      },
      "locked": {
        "lastModified": 1788335262,
        "narHash": "sha256-3jBEq8avfzlrsY4UpW4d5TOmm7ocseZfnitEJhqauyc=",
        "owner": "NixOS",
        "repo": "nixos-hardware",
        "rev": "44d95795ee2d475b3d687325e26dcf4ca9104557",
        "type": "github"
      },
      "original": {
        "owner": "NixOS",
        "ref": "master",
        "repo": "nixos-hardware",
        "type": "github"
      }
    },
    "nixpkgs": {
      "locked": {
        "lastModified": 1788405554,
        "narHash": "sha256-r2f1oUwixlgq9zOdYLqJLfS/lWBT60/IITjhTKI59JU=",
        "owner": "NixOS",
        "repo": "nixpkgs",
        "rev": "a5cc6f2c37bf518436dc8d1c288ccd0c43c2f4c4",
        "type": "github"
      },
      "original": {
        "owner": "NixOS",
        "ref": "nixos-26.05",
        "repo": "nixpkgs",
        "type": "github"
      }
    },
    "nur_rycee": {
      "flake": false,
      "locked": {
        "lastModified": 1788494578,
        "narHash": "sha256-u++Hq1RJDYMvQw2WEBFlW029n5Y9RimOpYrsdK8V/EY=",
        "owner": "rycee",
        "repo": "nur-expressions",
        "rev": "f6f8cd6a1d31925cbf0e0e8b6420321b9bd5790e",
        "type": "gitlab"
      },
      "original": {
        "owner": "rycee",
        "ref": "master",
        "repo": "nur-expressions",
        "type": "gitlab"
      }
    },
    "ocaml": {
      "flake": false,
      "locked": {
        "lastModified": 1752762355,
        "narHash": "sha256-DF/R//2BQYUIhsBajdhnUJHT1Hqn3mgvya2WExOtqAU=",
        "owner": "Julow",
        "repo": "vim-ocaml",
        "rev": "d8b9ca0f7ae74757a102aff31cb761ba2df05ec2",
        "type": "github"
      },
      "original": {
        "owner": "Julow",
        "ref": "tip",
        "repo": "vim-ocaml",
        "type": "github"
      }
    },
    "ocp-indent": {
      "flake": false,
      "locked": {
        "lastModified": 1784728999,
        "narHash": "sha256-jhedOAux6fbjkEvhayq+UMcmlZktEN9JSoYg5f5JLgU=",
        "owner": "OCamlPro",
        "repo": "ocp-indent",
        "rev": "c8ef0de893dbd9ae89c9bf8c698db53e50737b1a",
        "type": "github"
      },
      "original": {
        "owner": "OCamlPro",
        "repo": "ocp-indent",
        "type": "github"
      }
    },
    "private_conf": {
      "inputs": {
        "nix-opam-switch": "nix-opam-switch",
        "nix-workspaces": "nix-workspaces",
        "nixpkgs": [
          "nixpkgs"
        ]
      },
      "locked": {
        "lastModified": 1788358027,
        "narHash": "sha256-xosM6EMlx3cQoQ9vGhqlZ9CEYpepRWX2/Zq+gS2f0Rk=",
        "path": "/home/juloo/notes/setup",
        "type": "path"
      },
      "original": {
        "path": "git:/--override-input",
        "type": "path"
      }
    },
    "repeat": {
      "flake": false,
      "locked": {
        "lastModified": 1720473942,
        "narHash": "sha256-G/dmkq1KtSHIl+I5p3LfO6mGPS3eyLRbEEsuLbTpGlk=",
        "owner": "tpope",
        "repo": "vim-repeat",
        "rev": "65846025c15494983dafe5e3b46c8f88ab2e9635",
        "type": "github"
      },
      "original": {
        "owner": "tpope",
        "repo": "vim-repeat",
        "type": "github"
      }
    },
    "root": {
      "inputs": {
        "home-manager": "home-manager",
        "nix-gc-env": "nix-gc-env",
        "nixos-hardware": "nixos-hardware",
        "nixpkgs": "nixpkgs",
        "nur_rycee": "nur_rycee",
        "private_conf": "private_conf",
        "vim_plugins": "vim_plugins"
      }
    },
    "sneak": {
      "flake": false,
      "locked": {
        "lastModified": 1764961494,
        "narHash": "sha256-VkCownDdBKHXaa4KCJ+c0h4SVImmkkC4bbqP0uaQyPQ=",
        "owner": "justinmk",
        "repo": "vim-sneak",
        "rev": "feea86adcfbf8e6b5e71fdd5f4f5736fd8819fdb",
        "type": "github"
      },
      "original": {
        "owner": "justinmk",
        "repo": "vim-sneak",
        "type": "github"
      }
    },
    "snipmate": {
      "flake": false,
      "locked": {
        "lastModified": 1747223707,
        "narHash": "sha256-WUjS0wEVNVmPeFBUMjGBd4hE04H9RdZzFLhTY5++vjY=",
        "owner": "garbas",
        "repo": "vim-snipmate",
        "rev": "1331cfe8cbf9b9d79f4b60c1afc211b77c181ad4",
        "type": "github"
      },
      "original": {
        "owner": "garbas",
        "repo": "vim-snipmate",
        "type": "github"
      }
    },
    "surround": {
      "flake": false,
      "locked": {
        "lastModified": 1666730476,
        "narHash": "sha256-DZE5tkmnT+lAvx/RQHaDEgEJXRKsy56KJY919xiH1lE=",
        "owner": "tpope",
        "repo": "vim-surround",
        "rev": "3d188ed2113431cf8dac77be61b842acb64433d9",
        "type": "github"
      },
      "original": {
        "owner": "tpope",
        "repo": "vim-surround",
        "type": "github"
      }
    },
    "vim-addon-mw-utils": {
      "flake": false,
      "locked": {
        "lastModified": 1581088732,
        "narHash": "sha256-RXYjI9acjEeS6CYrsFXH4p4F8AESp+nAMg8/M5nJKfE=",
        "owner": "MarcWeber",
        "repo": "vim-addon-mw-utils",
        "rev": "6aaf4fee472db7cbec6d2c8eea69fdf3a8f8a75d",
        "type": "github"
      },
      "original": {
        "owner": "MarcWeber",
        "repo": "vim-addon-mw-utils",
        "type": "github"
      }
    },
    "vim_plugins": {
      "inputs": {
        "argtextobj.vim": "argtextobj.vim",
        "commentary": "commentary",
        "conflict3": "conflict3",
        "diffchar": "diffchar",
        "dirvish": "dirvish",
        "dwm": "dwm",
        "easy-align": "easy-align",
        "fugitive": "fugitive",
        "futhark": "futhark",
        "gv": "gv",
        "indent-object": "indent-object",
        "json": "json",
        "markdown": "markdown",
        "markdown-folding": "markdown-folding",
        "merlin": "merlin",
        "nix": "nix",
        "nixpkgs": [
          "nixpkgs"
        ],
        "ocaml": "ocaml",
        "ocp-indent": "ocp-indent",
        "repeat": "repeat",
        "sneak": "sneak",
        "snipmate": "snipmate",
        "surround": "surround",
        "vim-addon-mw-utils": "vim-addon-mw-utils",
        "xdg_open": "xdg_open"
      },
      "locked": {
        "path": "./vim",
        "type": "path"
      },
      "original": {
        "path": "./vim",
        "type": "path"
      },
      "parent": []
    },
    "xdg_open": {
      "flake": false,
      "locked": {
        "lastModified": 1773065544,
        "narHash": "sha256-UmBjmDiEy5gjOtbo7zkadZSMpgD+uOeykpnaptAx7uY=",
        "owner": "arp242",
        "repo": "xdg_open.vim",
        "rev": "64c201ebdc520c1e9cd689f44a4c0eb821aafd5a",
        "type": "github"
      },
      "original": {
        "owner": "arp242",
        "repo": "xdg_open.vim",
        "type": "github"
      }
    }
  },
  "root": "root",
  "version": 7
}
